// !$*UTF8*$!
{
	archiveVersion = 1;
	classes = {
	};
	objectVersion = 46;
	objects = {

/* Begin PBXBuildFile section */
		5B66AE501CF04883002E261B /* AppDelegate.swift in Sources */ = {isa = PBXBuildFile; fileRef = 5B66AE4F1CF04883002E261B /* AppDelegate.swift */; };
		5B66AE521CF04883002E261B /* ViewController.swift in Sources */ = {isa = PBXBuildFile; fileRef = 5B66AE511CF04883002E261B /* ViewController.swift */; };
		5B66AE551CF04883002E261B /* Main.storyboard in Resources */ = {isa = PBXBuildFile; fileRef = 5B66AE531CF04883002E261B /* Main.storyboard */; };
		5B66AE581CF04883002E261B /* Big_Data_LA.xcdatamodeld in Sources */ = {isa = PBXBuildFile; fileRef = 5B66AE561CF04883002E261B /* Big_Data_LA.xcdatamodeld */; };
		5B66AE5A1CF04883002E261B /* Assets.xcassets in Resources */ = {isa = PBXBuildFile; fileRef = 5B66AE591CF04883002E261B /* Assets.xcassets */; };
		5B66AE5D1CF04883002E261B /* LaunchScreen.storyboard in Resources */ = {isa = PBXBuildFile; fileRef = 5B66AE5B1CF04883002E261B /* LaunchScreen.storyboard */; };
		5B66AE681CF04883002E261B /* Big_Data_LATests.swift in Sources */ = {isa = PBXBuildFile; fileRef = 5B66AE671CF04883002E261B /* Big_Data_LATests.swift */; };
		5B66AE731CF04883002E261B /* Big_Data_LAUITests.swift in Sources */ = {isa = PBXBuildFile; fileRef = 5B66AE721CF04883002E261B /* Big_Data_LAUITests.swift */; };
/* End PBXBuildFile section */

/* Begin PBXContainerItemProxy section */
		5B66AE641CF04883002E261B /* PBXContainerItemProxy */ = {
			isa = PBXContainerItemProxy;
			containerPortal = 5B66AE441CF04883002E261B /* Project object */;
			proxyType = 1;
			remoteGlobalIDString = 5B66AE4B1CF04883002E261B;
			remoteInfo = "Big Data LA";
		};
		5B66AE6F1CF04883002E261B /* PBXContainerItemProxy */ = {
			isa = PBXContainerItemProxy;
			containerPortal = 5B66AE441CF04883002E261B /* Project object */;
			proxyType = 1;
			remoteGlobalIDString = 5B66AE4B1CF04883002E261B;
			remoteInfo = "Big Data LA";
		};
/* End PBXContainerItemProxy section */

/* Begin PBXFileReference section */
		5B66AE4C1CF04883002E261B /* Big Data LA.app */ = {isa = PBXFileReference; explicitFileType = wrapper.application; includeInIndex = 0; path = "Big Data LA.app"; sourceTree = BUILT_PRODUCTS_DIR; };
		5B66AE4F1CF04883002E261B /* AppDelegate.swift */ = {isa = PBXFileReference; lastKnownFileType = sourcecode.swift; path = AppDelegate.swift; sourceTree = "<group>"; };
		5B66AE511CF04883002E261B /* ViewController.swift */ = {isa = PBXFileReference; lastKnownFileType = sourcecode.swift; path = ViewController.swift; sourceTree = "<group>"; };
		5B66AE541CF04883002E261B /* Base */ = {isa = PBXFileReference; lastKnownFileType = file.storyboard; name = Base; path = Base.lproj/Main.storyboard; sourceTree = "<group>"; };
		5B66AE571CF04883002E261B /* Big_Data_LA.xcdatamodel */ = {isa = PBXFileReference; lastKnownFileType = wrapper.xcdatamodel; path = Big_Data_LA.xcdatamodel; sourceTree = "<group>"; };
		5B66AE591CF04883002E261B /* Assets.xcassets */ = {isa = PBXFileReference; lastKnownFileType = folder.assetcatalog; path = Assets.xcassets; sourceTree = "<group>"; };
		5B66AE5C1CF04883002E261B /* Base */ = {isa = PBXFileReference; lastKnownFileType = file.storyboard; name = Base; path = Base.lproj/LaunchScreen.storyboard; sourceTree = "<group>"; };
		5B66AE5E1CF04883002E261B /* Info.plist */ = {isa = PBXFileReference; lastKnownFileType = text.plist.xml; path = Info.plist; sourceTree = "<group>"; };
		5B66AE631CF04883002E261B /* Big Data LATests.xctest */ = {isa = PBXFileReference; explicitFileType = wrapper.cfbundle; includeInIndex = 0; path = "Big Data LATests.xctest"; sourceTree = BUILT_PRODUCTS_DIR; };
		5B66AE671CF04883002E261B /* Big_Data_LATests.swift */ = {isa = PBXFileReference; lastKnownFileType = sourcecode.swift; path = Big_Data_LATests.swift; sourceTree = "<group>"; };
		5B66AE691CF04883002E261B /* Info.plist */ = {isa = PBXFileReference; lastKnownFileType = text.plist.xml; path = Info.plist; sourceTree = "<group>"; };
		5B66AE6E1CF04883002E261B /* Big Data LAUITests.xctest */ = {isa = PBXFileReference; explicitFileType = wrapper.cfbundle; includeInIndex = 0; path = "Big Data LAUITests.xctest"; sourceTree = BUILT_PRODUCTS_DIR; };
		5B66AE721CF04883002E261B /* Big_Data_LAUITests.swift */ = {isa = PBXFileReference; lastKnownFileType = sourcecode.swift; path = Big_Data_LAUITests.swift; sourceTree = "<group>"; };
		5B66AE741CF04883002E261B /* Info.plist */ = {isa = PBXFileReference; lastKnownFileType = text.plist.xml; path = Info.plist; sourceTree = "<group>"; };
/* End PBXFileReference section */

/* Begin PBXFrameworksBuildPhase section */
		5B66AE491CF04883002E261B /* Frameworks */ = {
			isa = PBXFrameworksBuildPhase;
			buildActionMask = 2147483647;
			files = (
			);
			runOnlyForDeploymentPostprocessing = 0;
		};
		5B66AE601CF04883002E261B /* Frameworks */ = {
			isa = PBXFrameworksBuildPhase;
			buildActionMask = 2147483647;
			files = (
			);
			runOnlyForDeploymentPostprocessing = 0;
		};
		5B66AE6B1CF04883002E261B /* Frameworks */ = {
			isa = PBXFrameworksBuildPhase;
			buildActionMask = 2147483647;
			files = (
			);
			runOnlyForDeploymentPostprocessing = 0;
		};
/* End PBXFrameworksBuildPhase section */

/* Begin PBXGroup section */
		5B66AE431CF04883002E261B = {
			isa = PBXGroup;
			children = (
				5B66AE4E1CF04883002E261B /* Big Data LA */,
				5B66AE661CF04883002E261B /* Big Data LATests */,
				5B66AE711CF04883002E261B /* Big Data LAUITests */,
				5B66AE4D1CF04883002E261B /* Products */,
			);
			sourceTree = "<group>";
		};
		5B66AE4D1CF04883002E261B /* Products */ = {
			isa = PBXGroup;
			children = (
				5B66AE4C1CF04883002E261B /* Big Data LA.app */,
				5B66AE631CF04883002E261B /* Big Data LATests.xctest */,
				5B66AE6E1CF04883002E261B /* Big Data LAUITests.xctest */,
			);
			name = Products;
			sourceTree = "<group>";
		};
		5B66AE4E1CF04883002E261B /* Big Data LA */ = {
			isa = PBXGroup;
			children = (
				5B66AE4F1CF04883002E261B /* AppDelegate.swift */,
				5B66AE511CF04883002E261B /* ViewController.swift */,
				5B66AE531CF04883002E261B /* Main.storyboard */,
				5B66AE591CF04883002E261B /* Assets.xcassets */,
				5B66AE5B1CF04883002E261B /* LaunchScreen.storyboard */,
				5B66AE5E1CF04883002E261B /* Info.plist */,
				5B66AE561CF04883002E261B /* Big_Data_LA.xcdatamodeld */,
			);
			path = "Big Data LA";
			sourceTree = "<group>";
		};
		5B66AE661CF04883002E261B /* Big Data LATests */ = {
			isa = PBXGroup;
			children = (
				5B66AE671CF04883002E261B /* Big_Data_LATests.swift */,
				5B66AE691CF04883002E261B /* Info.plist */,
			);
			path = "Big Data LATests";
			sourceTree = "<group>";
		};
		5B66AE711CF04883002E261B /* Big Data LAUITests */ = {
			isa = PBXGroup;
			children = (
				5B66AE721CF04883002E261B /* Big_Data_LAUITests.swift */,
				5B66AE741CF04883002E261B /* Info.plist */,
			);
			path = "Big Data LAUITests";
			sourceTree = "<group>";
		};
/* End PBXGroup section */

/* Begin PBXNativeTarget section */
		5B66AE4B1CF04883002E261B /* Big Data LA */ = {
			isa = PBXNativeTarget;
			buildConfigurationList = 5B66AE771CF04883002E261B /* Build configuration list for PBXNativeTarget "Big Data LA" */;
			buildPhases = (
				5B66AE481CF04883002E261B /* Sources */,
				5B66AE491CF04883002E261B /* Frameworks */,
				5B66AE4A1CF04883002E261B /* Resources */,
			);
			buildRules = (
			);
			dependencies = (
			);
			name = "Big Data LA";
			productName = "Big Data LA";
			productReference = 5B66AE4C1CF04883002E261B /* Big Data LA.app */;
			productType = "com.apple.product-type.application";
		};
		5B66AE621CF04883002E261B /* Big Data LATests */ = {
			isa = PBXNativeTarget;
			buildConfigurationList = 5B66AE7A1CF04883002E261B /* Build configuration list for PBXNativeTarget "Big Data LATests" */;
			buildPhases = (
				5B66AE5F1CF04883002E261B /* Sources */,
				5B66AE601CF04883002E261B /* Frameworks */,
				5B66AE611CF04883002E261B /* Resources */,
			);
			buildRules = (
			);
			dependencies = (
				5B66AE651CF04883002E261B /* PBXTargetDependency */,
			);
			name = "Big Data LATests";
			productName = "Big Data LATests";
			productReference = 5B66AE631CF04883002E261B /* Big Data LATests.xctest */;
			productType = "com.apple.product-type.bundle.unit-test";
		};
		5B66AE6D1CF04883002E261B /* Big Data LAUITests */ = {
			isa = PBXNativeTarget;
			buildConfigurationList = 5B66AE7D1CF04883002E261B /* Build configuration list for PBXNativeTarget "Big Data LAUITests" */;
			buildPhases = (
				5B66AE6A1CF04883002E261B /* Sources */,
				5B66AE6B1CF04883002E261B /* Frameworks */,
				5B66AE6C1CF04883002E261B /* Resources */,
			);
			buildRules = (
			);
			dependencies = (
				5B66AE701CF04883002E261B /* PBXTargetDependency */,
			);
			name = "Big Data LAUITests";
			productName = "Big Data LAUITests";
			productReference = 5B66AE6E1CF04883002E261B /* Big Data LAUITests.xctest */;
			productType = "com.apple.product-type.bundle.ui-testing";
		};
/* End PBXNativeTarget section */

/* Begin PBXProject section */
		5B66AE441CF04883002E261B /* Project object */ = {
			isa = PBXProject;
			attributes = {
				LastSwiftUpdateCheck = 0730;
				LastUpgradeCheck = 0730;
				ORGANIZATIONNAME = "Manish Dwibedy";
				TargetAttributes = {
					5B66AE4B1CF04883002E261B = {
						CreatedOnToolsVersion = 7.3.1;
					};
					5B66AE621CF04883002E261B = {
						CreatedOnToolsVersion = 7.3.1;
						TestTargetID = 5B66AE4B1CF04883002E261B;
					};
					5B66AE6D1CF04883002E261B = {
						CreatedOnToolsVersion = 7.3.1;
						TestTargetID = 5B66AE4B1CF04883002E261B;
					};
				};
			};
			buildConfigurationList = 5B66AE471CF04883002E261B /* Build configuration list for PBXProject "Big Data LA" */;
			compatibilityVersion = "Xcode 3.2";
			developmentRegion = English;
			hasScannedForEncodings = 0;
			knownRegions = (
				en,
				Base,
			);
			mainGroup = 5B66AE431CF04883002E261B;
			productRefGroup = 5B66AE4D1CF04883002E261B /* Products */;
			projectDirPath = "";
			projectRoot = "";
			targets = (
				5B66AE4B1CF04883002E261B /* Big Data LA */,
				5B66AE621CF04883002E261B /* Big Data LATests */,
				5B66AE6D1CF04883002E261B /* Big Data LAUITests */,
			);
		};
/* End PBXProject section */

/* Begin PBXResourcesBuildPhase section */
		5B66AE4A1CF04883002E261B /* Resources */ = {
			isa = PBXResourcesBuildPhase;
			buildActionMask = 2147483647;
			files = (
				5B66AE5D1CF04883002E261B /* LaunchScreen.storyboard in Resources */,
				5B66AE5A1CF04883002E261B /* Assets.xcassets in Resources */,
				5B66AE551CF04883002E261B /* Main.storyboard in Resources */,
			);
			runOnlyForDeploymentPostprocessing = 0;
		};
		5B66AE611CF04883002E261B /* Resources */ = {
			isa = PBXResourcesBuildPhase;
			buildActionMask = 2147483647;
			files = (
			);
			runOnlyForDeploymentPostprocessing = 0;
		};
		5B66AE6C1CF04883002E261B /* Resources */ = {
			isa = PBXResourcesBuildPhase;
			buildActionMask = 2147483647;
			files = (
			);
			runOnlyForDeploymentPostprocessing = 0;
		};
/* End PBXResourcesBuildPhase section */

/* Begin PBXSourcesBuildPhase section */
		5B66AE481CF04883002E261B /* Sources */ = {
			isa = PBXSourcesBuildPhase;
			buildActionMask = 2147483647;
			files = (
				5B66AE521CF04883002E261B /* ViewController.swift in Sources */,
				5B66AE501CF04883002E261B /* AppDelegate.swift in Sources */,
				5B66AE581CF04883002E261B /* Big_Data_LA.xcdatamodeld in Sources */,
			);
			runOnlyForDeploymentPostprocessing = 0;
		};
		5B66AE5F1CF04883002E261B /* Sources */ = {
			isa = PBXSourcesBuildPhase;
			buildActionMask = 2147483647;
			files = (
				5B66AE681CF04883002E261B /* Big_Data_LATests.swift in Sources */,
			);
			runOnlyForDeploymentPostprocessing = 0;
		};
		5B66AE6A1CF04883002E261B /* Sources */ = {
			isa = PBXSourcesBuildPhase;
			buildActionMask = 2147483647;
			files = (
				5B66AE731CF04883002E261B /* Big_Data_LAUITests.swift in Sources */,
			);
			runOnlyForDeploymentPostprocessing = 0;
		};
/* End PBXSourcesBuildPhase section */

/* Begin PBXTargetDependency section */
		5B66AE651CF04883002E261B /* PBXTargetDependency */ = {
			isa = PBXTargetDependency;
			target = 5B66AE4B1CF04883002E261B /* Big Data LA */;
			targetProxy = 5B66AE641CF04883002E261B /* PBXContainerItemProxy */;
		};
		5B66AE701CF04883002E261B /* PBXTargetDependency */ = {
			isa = PBXTargetDependency;
			target = 5B66AE4B1CF04883002E261B /* Big Data LA */;
			targetProxy = 5B66AE6F1CF04883002E261B /* PBXContainerItemProxy */;
		};
/* End PBXTargetDependency section */

/* Begin PBXVariantGroup section */
		5B66AE531CF04883002E261B /* Main.storyboard */ = {
			isa = PBXVariantGroup;
			children = (
				5B66AE541CF04883002E261B /* Base */,
			);
			name = Main.storyboard;
			sourceTree = "<group>";
		};
		5B66AE5B1CF04883002E261B /* LaunchScreen.storyboard */ = {
			isa = PBXVariantGroup;
			children = (
				5B66AE5C1CF04883002E261B /* Base */,
			);
			name = LaunchScreen.storyboard;
			sourceTree = "<group>";
		};
/* End PBXVariantGroup section */

/* Begin XCBuildConfiguration section */
		5B66AE751CF04883002E261B /* Debug */ = {
			isa = XCBuildConfiguration;
			buildSettings = {
				ALWAYS_SEARCH_USER_PATHS = NO;
				CLANG_ANALYZER_NONNULL = YES;
				CLANG_CXX_LANGUAGE_STANDARD = "gnu++0x";
				CLANG_CXX_LIBRARY = "libc++";
				CLANG_ENABLE_MODULES = YES;
				CLANG_ENABLE_OBJC_ARC = YES;
				CLANG_WARN_BOOL_CONVERSION = YES;
				CLANG_WARN_CONSTANT_CONVERSION = YES;
				CLANG_WARN_DIRECT_OBJC_ISA_USAGE = YES_ERROR;
				CLANG_WARN_EMPTY_BODY = YES;
				CLANG_WARN_ENUM_CONVERSION = YES;
				CLANG_WARN_INT_CONVERSION = YES;
				CLANG_WARN_OBJC_ROOT_CLASS = YES_ERROR;
				CLANG_WARN_UNREACHABLE_CODE = YES;
				CLANG_WARN__DUPLICATE_METHOD_MATCH = YES;
				"CODE_SIGN_IDENTITY[sdk=iphoneos*]" = "iPhone Developer";
				COPY_PHASE_STRIP = NO;
				DEBUG_INFORMATION_FORMAT = dwarf;
				ENABLE_STRICT_OBJC_MSGSEND = YES;
				ENABLE_TESTABILITY = YES;
				GCC_C_LANGUAGE_STANDARD = gnu99;
				GCC_DYNAMIC_NO_PIC = NO;
				GCC_NO_COMMON_BLOCKS = YES;
				GCC_OPTIMIZATION_LEVEL = 0;
				GCC_PREPROCESSOR_DEFINITIONS = (
					"DEBUG=1",
					"$(inherited)",
				);
				GCC_WARN_64_TO_32_BIT_CONVERSION = YES;
				GCC_WARN_ABOUT_RETURN_TYPE = YES_ERROR;
				GCC_WARN_UNDECLARED_SELECTOR = YES;
				GCC_WARN_UNINITIALIZED_AUTOS = YES_AGGRESSIVE;
				GCC_WARN_UNUSED_FUNCTION = YES;
				GCC_WARN_UNUSED_VARIABLE = YES;
				IPHONEOS_DEPLOYMENT_TARGET = 9.3;
				MTL_ENABLE_DEBUG_INFO = YES;
				ONLY_ACTIVE_ARCH = YES;
				SDKROOT = iphoneos;
				SWIFT_OPTIMIZATION_LEVEL = "-Onone";
				TARGETED_DEVICE_FAMILY = "1,2";
			};
			name = Debug;
		};
		5B66AE761CF04883002E261B /* Release */ = {
			isa = XCBuildConfiguration;
			buildSettings = {
				ALWAYS_SEARCH_USER_PATHS = NO;
				CLANG_ANALYZER_NONNULL = YES;
				CLANG_CXX_LANGUAGE_STANDARD = "gnu++0x";
				CLANG_CXX_LIBRARY = "libc++";
				CLANG_ENABLE_MODULES = YES;
				CLANG_ENABLE_OBJC_ARC = YES;
				CLANG_WARN_BOOL_CONVERSION = YES;
				CLANG_WARN_CONSTANT_CONVERSION = YES;
				CLANG_WARN_DIRECT_OBJC_ISA_USAGE = YES_ERROR;
				CLANG_WARN_EMPTY_BODY = YES;
				CLANG_WARN_ENUM_CONVERSION = YES;
				CLANG_WARN_INT_CONVERSION = YES;
				CLANG_WARN_OBJC_ROOT_CLASS = YES_ERROR;
				CLANG_WARN_UNREACHABLE_CODE = YES;
				CLANG_WARN__DUPLICATE_METHOD_MATCH = YES;
				"CODE_SIGN_IDENTITY[sdk=iphoneos*]" = "iPhone Developer";
				COPY_PHASE_STRIP = NO;
				DEBUG_INFORMATION_FORMAT = "dwarf-with-dsym";
				ENABLE_NS_ASSERTIONS = NO;
				ENABLE_STRICT_OBJC_MSGSEND = YES;
				GCC_C_LANGUAGE_STANDARD = gnu99;
				GCC_NO_COMMON_BLOCKS = YES;
				GCC_WARN_64_TO_32_BIT_CONVERSION = YES;
				GCC_WARN_ABOUT_RETURN_TYPE = YES_ERROR;
				GCC_WARN_UNDECLARED_SELECTOR = YES;
				GCC_WARN_UNINITIALIZED_AUTOS = YES_AGGRESSIVE;
				GCC_WARN_UNUSED_FUNCTION = YES;
				GCC_WARN_UNUSED_VARIABLE = YES;
				IPHONEOS_DEPLOYMENT_TARGET = 9.3;
				MTL_ENABLE_DEBUG_INFO = NO;
				SDKROOT = iphoneos;
				TARGETED_DEVICE_FAMILY = "1,2";
				VALIDATE_PRODUCT = YES;
			};
			name = Release;
		};
		5B66AE781CF04883002E261B /* Debug */ = {
			isa = XCBuildConfiguration;
			buildSettings = {
				ASSETCATALOG_COMPILER_APPICON_NAME = AppIcon;
				INFOPLIST_FILE = "Big Data LA/Info.plist";
				LD_RUNPATH_SEARCH_PATHS = "$(inherited) @executable_path/Frameworks";
				PRODUCT_BUNDLE_IDENTIFIER = "com.manish.Big-Data-LA";
				PRODUCT_NAME = "$(TARGET_NAME)";
			};
			name = Debug;
		};
		5B66AE791CF04883002E261B /* Release */ = {
			isa = XCBuildConfiguration;
			buildSettings = {
				ASSETCATALOG_COMPILER_APPICON_NAME = AppIcon;
				INFOPLIST_FILE = "Big Data LA/Info.plist";
				LD_RUNPATH_SEARCH_PATHS = "$(inherited) @executable_path/Frameworks";
				PRODUCT_BUNDLE_IDENTIFIER = "com.manish.Big-Data-LA";
				PRODUCT_NAME = "$(TARGET_NAME)";
			};
			name = Release;
		};
		5B66AE7B1CF04883002E261B /* Debug */ = {
			isa = XCBuildConfiguration;
			buildSettings = {
				BUNDLE_LOADER = "$(TEST_HOST)";
				INFOPLIST_FILE = "Big Data LATests/Info.plist";
				LD_RUNPATH_SEARCH_PATHS = "$(inherited) @executable_path/Frameworks @loader_path/Frameworks";
				PRODUCT_BUNDLE_IDENTIFIER = "com.manish.Big-Data-LATests";
				PRODUCT_NAME = "$(TARGET_NAME)";
				TEST_HOST = "$(BUILT_PRODUCTS_DIR)/Big Data LA.app/Big Data LA";
			};
			name = Debug;
		};
		5B66AE7C1CF04883002E261B /* Release */ = {
			isa = XCBuildConfiguration;
			buildSettings = {
				BUNDLE_LOADER = "$(TEST_HOST)";
				INFOPLIST_FILE = "Big Data LATests/Info.plist";
				LD_RUNPATH_SEARCH_PATHS = "$(inherited) @executable_path/Frameworks @loader_path/Frameworks";
				PRODUCT_BUNDLE_IDENTIFIER = "com.manish.Big-Data-LATests";
				PRODUCT_NAME = "$(TARGET_NAME)";
				TEST_HOST = "$(BUILT_PRODUCTS_DIR)/Big Data LA.app/Big Data LA";
			};
			name = Release;
		};
		5B66AE7E1CF04883002E261B /* Debug */ = {
			isa = XCBuildConfiguration;
			buildSettings = {
				INFOPLIST_FILE = "Big Data LAUITests/Info.plist";
				LD_RUNPATH_SEARCH_PATHS = "$(inherited) @executable_path/Frameworks @loader_path/Frameworks";
				PRODUCT_BUNDLE_IDENTIFIER = "com.manish.Big-Data-LAUITests";
				PRODUCT_NAME = "$(TARGET_NAME)";
				TEST_TARGET_NAME = "Big Data LA";
			};
			name = Debug;
		};
		5B66AE7F1CF04883002E261B /* Release */ = {
			isa = XCBuildConfiguration;
			buildSettings = {
				INFOPLIST_FILE = "Big Data LAUITests/Info.plist";
				LD_RUNPATH_SEARCH_PATHS = "$(inherited) @executable_path/Frameworks @loader_path/Frameworks";
				PRODUCT_BUNDLE_IDENTIFIER = "com.manish.Big-Data-LAUITests";
				PRODUCT_NAME = "$(TARGET_NAME)";
				TEST_TARGET_NAME = "Big Data LA";
			};
			name = Release;
		};
/* End XCBuildConfiguration section */

/* Begin XCConfigurationList section */
		5B66AE471CF04883002E261B /* Build configuration list for PBXProject "Big Data LA" */ = {
			isa = XCConfigurationList;
			buildConfigurations = (
				5B66AE751CF04883002E261B /* Debug */,
				5B66AE761CF04883002E261B /* Release */,
			);
			defaultConfigurationIsVisible = 0;
			defaultConfigurationName = Release;
		};
		5B66AE771CF04883002E261B /* Build configuration list for PBXNativeTarget "Big Data LA" */ = {
			isa = XCConfigurationList;
			buildConfigurations = (
				5B66AE781CF04883002E261B /* Debug */,
				5B66AE791CF04883002E261B /* Release */,
			);
			defaultConfigurationIsVisible = 0;
		};
		5B66AE7A1CF04883002E261B /* Build configuration list for PBXNativeTarget "Big Data LATests" */ = {
			isa = XCConfigurationList;
			buildConfigurations = (
				5B66AE7B1CF04883002E261B /* Debug */,
				5B66AE7C1CF04883002E261B /* Release */,
			);
			defaultConfigurationIsVisible = 0;
		};
		5B66AE7D1CF04883002E261B /* Build configuration list for PBXNativeTarget "Big Data LAUITests" */ = {
			isa = XCConfigurationList;
			buildConfigurations = (
				5B66AE7E1CF04883002E261B /* Debug */,
				5B66AE7F1CF04883002E261B /* Release */,
			);
			defaultConfigurationIsVisible = 0;
		};
/* End XCConfigurationList section */

/* Begin XCVersionGroup section */
		5B66AE561CF04883002E261B /* Big_Data_LA.xcdatamodeld */ = {
			isa = XCVersionGroup;
			children = (
				5B66AE571CF04883002E261B /* Big_Data_LA.xcdatamodel */,
			);
			currentVersion = 5B66AE571CF04883002E261B /* Big_Data_LA.xcdatamodel */;
			path = Big_Data_LA.xcdatamodeld;
			sourceTree = "<group>";
			versionGroupType = wrapper.xcdatamodel;
		};
/* End XCVersionGroup section */
	};
	rootObject = 5B66AE441CF04883002E261B /* Project object */;
}
